{
  "requires": true,
  "lockfileVersion": 1,
  "dependencies": {
    "easyqrcodejs": {
      "version": "4.4.2",
      "resolved": "https://registry.npmjs.org/easyqrcodejs/-/easyqrcodejs-4.4.2.tgz",
      "integrity": "sha512-UzSf8neoIT+bPd3PbYIsxtz+eMCfJLM+zU2zcLR7XOz9zew9GXNWcbTZvNAkDWtPwtIYIY7+xChVH/iH5iDZNg=="
    },
    "numeric-quantity": {
      "version": "1.0.1",
      "resolved": "https://registry.npmjs.org/numeric-quantity/-/numeric-quantity-1.0.1.tgz",
      "integrity": "sha512-SYxGk94q9xmU0ebYHmUhqK1VXKEC+5u3WLigmCoymUjeWSiw631+87od5VyQ83201gprnVuuLLpO63XeTvKnKw=="
    }
  }
}
